xirang-lock: 1
top: soc-smp
packages:
- name: aclint
  version: 0.1.0
  kind: ip
  source:
    path: aclint
  digest: sha256:a590a79da53e8ef9708aeb49e6e14351
- name: amba
  version: 0.1.0
  kind: library
  source:
    path: amba
  digest: sha256:d3705f25fbcad6457cff68399ff5c5aa
- name: hwcore
  version: 0.1.0
  kind: library
  source:
    path: hwcore
  digest: sha256:6d458b35d1377f1ebd0f54d9fb8391d0
- name: mbox
  version: 0.1.0
  kind: ip
  source:
    path: mbox
  digest: sha256:3e275a22f724235126fd150015119d99
- name: plic
  version: 0.1.0
  kind: ip
  source:
    path: plic
  digest: sha256:a558303f1f1ea048717e3ff3bde2d15a
- name: rvcore
  version: 0.1.0
  kind: ip
  source:
    path: rvcore
  digest: sha256:62999a0327451edd9ed32cfdc635daaa
- name: rvfi
  version: 0.1.0
  kind: library
  source:
    path: rvfi
  digest: sha256:56d115d3c3953add0c38eefde5099015
- name: soc-smp
  version: 0.1.0
  kind: ip
  source:
    path: soc-smp
  digest: sha256:ed083f8b8926e0c3628f9d3e2136a609
- name: sram
  version: 0.1.0
  kind: ip
  source:
    path: sram
  digest: sha256:c36baf50bced22dc66d0860e075aaec1
- name: uart
  version: 0.1.0
  kind: ip
  source:
    path: uart
  digest: sha256:ec3dcf8bb3ddb79103d4e63290763603
