xirang-lock: 1
top: soc-smp
packages:
- name: aclint
  version: 0.1.0
  kind: ip
  source:
    path: aclint
  digest: sha256:a590a79da53e8ef9708aeb49e6e14351
- name: amba
  version: 0.1.0
  kind: library
  source:
    path: amba
  digest: sha256:7c58f4afd3ba2c0f19717f5acb9958ca
- name: hart
  version: 0.1.0
  kind: ip
  source:
    path: hart
  digest: sha256:31e2cc332ace12262220fefcf91c8eda
- name: hwcore
  version: 0.1.0
  kind: library
  source:
    path: hwcore
  digest: sha256:beb4eafb64ce83e3daaacbf9b86fc216
- name: mbox
  version: 0.1.0
  kind: ip
  source:
    path: mbox
  digest: sha256:3e275a22f724235126fd150015119d99
- name: plic
  version: 0.1.0
  kind: ip
  source:
    path: plic
  digest: sha256:a558303f1f1ea048717e3ff3bde2d15a
- name: rvfi
  version: 0.1.0
  kind: library
  source:
    path: rvfi
  digest: sha256:d95bbd70d42fd69bd2b9125d9668de40
- name: soc-smp
  version: 0.1.0
  kind: ip
  source:
    path: soc-smp
  digest: sha256:141505ab4bd916ccb095595cc960ba80
- name: sram
  version: 0.1.0
  kind: ip
  source:
    path: sram
  digest: sha256:c36baf50bced22dc66d0860e075aaec1
- name: uart
  version: 0.1.0
  kind: ip
  source:
    path: uart
  digest: sha256:ec3dcf8bb3ddb79103d4e63290763603
