xirang-lock: 1
top: soc-smp
packages:
- name: aclint
  version: 0.1.0
  kind: ip
  source:
    path: aclint
  digest: sha256:c82e2c4d8a0b07f289df92a7142baa90
- name: amba
  version: 0.1.0
  kind: library
  source:
    path: amba
  digest: sha256:c5061feaa27b8aa1752119d0d163154c
- name: hart
  version: 0.1.0
  kind: ip
  source:
    path: hart
  digest: sha256:08b284e436ec04365fa388d0cd8ee3ec
- name: hwcore
  version: 0.1.0
  kind: library
  source:
    path: hwcore
  digest: sha256:056bc7c82ffae7f439c3f1916f846ac2
- name: mbox
  version: 0.1.0
  kind: ip
  source:
    path: mbox
  digest: sha256:a1e7831c0c14c550fc9633fb1bbcfe04
- name: plic
  version: 0.1.0
  kind: ip
  source:
    path: plic
  digest: sha256:158c233601caa5e9e99b9863c0742d81
- name: soc-smp
  version: 0.1.0
  kind: ip
  source:
    path: soc-smp
  digest: sha256:141505ab4bd916ccb095595cc960ba80
- name: sram
  version: 0.1.0
  kind: ip
  source:
    path: sram
  digest: sha256:ad9c19f8c5900569d241f333b4186115
- name: uart
  version: 0.1.0
  kind: ip
  source:
    path: uart
  digest: sha256:b1e6c361198f6aed764fe6346362a889
